// !$*UTF8*$!
{
	archiveVersion = 1;
	classes = {
	};
	objectVersion = 50;
	objects = {

/* Begin PBXBuildFile section */
		A4A9B88120E2AD950018C961 /* AppDelegate.swift in Sources */ = {isa = PBXBuildFile; fileRef = A4A9B88020E2AD950018C961 /* AppDelegate.swift */; };
		A4A9B88320E2AD950018C961 /* ViewController.swift in Sources */ = {isa = PBXBuildFile; fileRef = A4A9B88220E2AD950018C961 /* ViewController.swift */; };
		A4A9B88620E2AD950018C961 /* Main.storyboard in Resources */ = {isa = PBXBuildFile; fileRef = A4A9B88420E2AD950018C961 /* Main.storyboard */; };
		A4A9B88820E2AD9B0018C961 /* Assets.xcassets in Resources */ = {isa = PBXBuildFile; fileRef = A4A9B88720E2AD9B0018C961 /* Assets.xcassets */; };
		A4A9B88B20E2AD9B0018C961 /* LaunchScreen.storyboard in Resources */ = {isa = PBXBuildFile; fileRef = A4A9B88920E2AD9B0018C961 /* LaunchScreen.storyboard */; };
		A4C0299F20E2AF3600AE2E0F /* SCSDKCoreKit.framework in Frameworks */ = {isa = PBXBuildFile; fileRef = A4C0299D20E2AF3500AE2E0F /* SCSDKCoreKit.framework */; };
		A4C029A220E2AF5B00AE2E0F /* SCSDKCoreKit.framework in Embed Frameworks */ = {isa = PBXBuildFile; fileRef = A4C0299D20E2AF3500AE2E0F /* SCSDKCoreKit.framework */; settings = {ATTRIBUTES = (CodeSignOnCopy, RemoveHeadersOnCopy, ); }; };
		A4C029A320E2AF5B00AE2E0F /* SCSDKCreativeKit.framework in Frameworks */ = {isa = PBXBuildFile; fileRef = A4C0299E20E2AF3500AE2E0F /* SCSDKCreativeKit.framework */; };
		A4C029A420E2AF5B00AE2E0F /* SCSDKCreativeKit.framework in Embed Frameworks */ = {isa = PBXBuildFile; fileRef = A4C0299E20E2AF3500AE2E0F /* SCSDKCreativeKit.framework */; settings = {ATTRIBUTES = (CodeSignOnCopy, RemoveHeadersOnCopy, ); }; };
/* End PBXBuildFile section */

/* Begin PBXCopyFilesBuildPhase section */
		A4C029A520E2AF5B00AE2E0F /* Embed Frameworks */ = {
			isa = PBXCopyFilesBuildPhase;
			buildActionMask = 2147483647;
			dstPath = "";
			dstSubfolderSpec = 10;
			files = (
				A4C029A220E2AF5B00AE2E0F /* SCSDKCoreKit.framework in Embed Frameworks */,
				A4C029A420E2AF5B00AE2E0F /* SCSDKCreativeKit.framework in Embed Frameworks */,
			);
			name = "Embed Frameworks";
			runOnlyForDeploymentPostprocessing = 0;
		};
/* End PBXCopyFilesBuildPhase section */

/* Begin PBXFileReference section */
		A4A9B87D20E2AD950018C961 /* here-snapkit.app */ = {isa = PBXFileReference; explicitFileType = wrapper.application; includeInIndex = 0; path = "here-snapkit.app"; sourceTree = BUILT_PRODUCTS_DIR; };
		A4A9B88020E2AD950018C961 /* AppDelegate.swift */ = {isa = PBXFileReference; lastKnownFileType = sourcecode.swift; path = AppDelegate.swift; sourceTree = "<group>"; };
		A4A9B88220E2AD950018C961 /* ViewController.swift */ = {isa = PBXFileReference; lastKnownFileType = sourcecode.swift; path = ViewController.swift; sourceTree = "<group>"; };
		A4A9B88520E2AD950018C961 /* Base */ = {isa = PBXFileReference; lastKnownFileType = file.storyboard; name = Base; path = Base.lproj/Main.storyboard; sourceTree = "<group>"; };
		A4A9B88720E2AD9B0018C961 /* Assets.xcassets */ = {isa = PBXFileReference; lastKnownFileType = folder.assetcatalog; path = Assets.xcassets; sourceTree = "<group>"; };
		A4A9B88A20E2AD9B0018C961 /* Base */ = {isa = PBXFileReference; lastKnownFileType = file.storyboard; name = Base; path = Base.lproj/LaunchScreen.storyboard; sourceTree = "<group>"; };
		A4A9B88C20E2AD9B0018C961 /* Info.plist */ = {isa = PBXFileReference; lastKnownFileType = text.plist.xml; path = Info.plist; sourceTree = "<group>"; };
		A4C0299D20E2AF3500AE2E0F /* SCSDKCoreKit.framework */ = {isa = PBXFileReference; lastKnownFileType = wrapper.framework; path = SCSDKCoreKit.framework; sourceTree = "<group>"; };
		A4C0299E20E2AF3500AE2E0F /* SCSDKCreativeKit.framework */ = {isa = PBXFileReference; lastKnownFileType = wrapper.framework; path = SCSDKCreativeKit.framework; sourceTree = "<group>"; };
/* End PBXFileReference section */

/* Begin PBXFrameworksBuildPhase section */
		A4A9B87A20E2AD950018C961 /* Frameworks */ = {
			isa = PBXFrameworksBuildPhase;
			buildActionMask = 2147483647;
			files = (
				A4C0299F20E2AF3600AE2E0F /* SCSDKCoreKit.framework in Frameworks */,
				A4C029A320E2AF5B00AE2E0F /* SCSDKCreativeKit.framework in Frameworks */,
			);
			runOnlyForDeploymentPostprocessing = 0;
		};
/* End PBXFrameworksBuildPhase section */

/* Begin PBXGroup section */
		A4A9B87420E2AD950018C961 = {
			isa = PBXGroup;
			children = (
				A4C0299D20E2AF3500AE2E0F /* SCSDKCoreKit.framework */,
				A4C0299E20E2AF3500AE2E0F /* SCSDKCreativeKit.framework */,
				A4A9B87F20E2AD950018C961 /* here-snapkit */,
				A4A9B87E20E2AD950018C961 /* Products */,
				C0F220AD01E8D6550FF07647 /* Frameworks */,
			);
			sourceTree = "<group>";
		};
		A4A9B87E20E2AD950018C961 /* Products */ = {
			isa = PBXGroup;
			children = (
				A4A9B87D20E2AD950018C961 /* here-snapkit.app */,
			);
			name = Products;
			sourceTree = "<group>";
		};
		A4A9B87F20E2AD950018C961 /* here-snapkit */ = {
			isa = PBXGroup;
			children = (
				A4A9B88020E2AD950018C961 /* AppDelegate.swift */,
				A4A9B88220E2AD950018C961 /* ViewController.swift */,
				A4A9B88420E2AD950018C961 /* Main.storyboard */,
				A4A9B88720E2AD9B0018C961 /* Assets.xcassets */,
				A4A9B88920E2AD9B0018C961 /* LaunchScreen.storyboard */,
				A4A9B88C20E2AD9B0018C961 /* Info.plist */,
			);
			path = "here-snapkit";
			sourceTree = "<group>";
		};
		C0F220AD01E8D6550FF07647 /* Frameworks */ = {
			isa = PBXGroup;
			children = (
			);
			name = Frameworks;
			sourceTree = "<group>";
		};
/* End PBXGroup section */

/* Begin PBXNativeTarget section */
		A4A9B87C20E2AD950018C961 /* here-snapkit */ = {
			isa = PBXNativeTarget;
			buildConfigurationList = A4A9B88F20E2AD9B0018C961 /* Build configuration list for PBXNativeTarget "here-snapkit" */;
			buildPhases = (
				A4A9B87920E2AD950018C961 /* Sources */,
				A4A9B87A20E2AD950018C961 /* Frameworks */,
				A4A9B87B20E2AD950018C961 /* Resources */,
				A4C029A520E2AF5B00AE2E0F /* Embed Frameworks */,
			);
			buildRules = (
			);
			dependencies = (
			);
			name = "here-snapkit";
			productName = "here-snapkit";
			productReference = A4A9B87D20E2AD950018C961 /* here-snapkit.app */;
			productType = "com.apple.product-type.application";
		};
/* End PBXNativeTarget section */

/* Begin PBXProject section */
		A4A9B87520E2AD950018C961 /* Project object */ = {
			isa = PBXProject;
			attributes = {
				LastSwiftUpdateCheck = 0940;
				LastUpgradeCheck = 0940;
				ORGANIZATIONNAME = "Dylan Babbs";
				TargetAttributes = {
					A4A9B87C20E2AD950018C961 = {
						CreatedOnToolsVersion = 9.4.1;
					};
				};
			};
			buildConfigurationList = A4A9B87820E2AD950018C961 /* Build configuration list for PBXProject "here-snapkit" */;
			compatibilityVersion = "Xcode 9.3";
			developmentRegion = en;
			hasScannedForEncodings = 0;
			knownRegions = (
				en,
				Base,
			);
			mainGroup = A4A9B87420E2AD950018C961;
			productRefGroup = A4A9B87E20E2AD950018C961 /* Products */;
			projectDirPath = "";
			projectRoot = "";
			targets = (
				A4A9B87C20E2AD950018C961 /* here-snapkit */,
			);
		};
/* End PBXProject section */

/* Begin PBXResourcesBuildPhase section */
		A4A9B87B20E2AD950018C961 /* Resources */ = {
			isa = PBXResourcesBuildPhase;
			buildActionMask = 2147483647;
			files = (
				A4A9B88B20E2AD9B0018C961 /* LaunchScreen.storyboard in Resources */,
				A4A9B88820E2AD9B0018C961 /* Assets.xcassets in Resources */,
				A4A9B88620E2AD950018C961 /* Main.storyboard in Resources */,
			);
			runOnlyForDeploymentPostprocessing = 0;
		};
/* End PBXResourcesBuildPhase section */

/* Begin PBXSourcesBuildPhase section */
		A4A9B87920E2AD950018C961 /* Sources */ = {
			isa = PBXSourcesBuildPhase;
			buildActionMask = 2147483647;
			files = (
				A4A9B88320E2AD950018C961 /* ViewController.swift in Sources */,
				A4A9B88120E2AD950018C961 /* AppDelegate.swift in Sources */,
			);
			runOnlyForDeploymentPostprocessing = 0;
		};
/* End PBXSourcesBuildPhase section */

/* Begin PBXVariantGroup section */
		A4A9B88420E2AD950018C961 /* Main.storyboard */ = {
			isa = PBXVariantGroup;
			children = (
				A4A9B88520E2AD950018C961 /* Base */,
			);
			name = Main.storyboard;
			sourceTree = "<group>";
		};
		A4A9B88920E2AD9B0018C961 /* LaunchScreen.storyboard */ = {
			isa = PBXVariantGroup;
			children = (
				A4A9B88A20E2AD9B0018C961 /* Base */,
			);
			name = LaunchScreen.storyboard;
			sourceTree = "<group>";
		};
/* End PBXVariantGroup section */

/* Begin XCBuildConfiguration section */
		A4A9B88D20E2AD9B0018C961 /* Debug */ = {
			isa = XCBuildConfiguration;
			buildSettings = {
				ALWAYS_SEARCH_USER_PATHS = NO;
				CLANG_ANALYZER_NONNULL = YES;
				CLANG_ANALYZER_NUMBER_OBJECT_CONVERSION = YES_AGGRESSIVE;
				CLANG_CXX_LANGUAGE_STANDARD = "gnu++14";
				CLANG_CXX_LIBRARY = "libc++";
				CLANG_ENABLE_MODULES = YES;
				CLANG_ENABLE_OBJC_ARC = YES;
				CLANG_ENABLE_OBJC_WEAK = YES;
				CLANG_WARN_BLOCK_CAPTURE_AUTORELEASING = YES;
				CLANG_WARN_BOOL_CONVERSION = YES;
				CLANG_WARN_COMMA = YES;
				CLANG_WARN_CONSTANT_CONVERSION = YES;
				CLANG_WARN_DEPRECATED_OBJC_IMPLEMENTATIONS = YES;
				CLANG_WARN_DIRECT_OBJC_ISA_USAGE = YES_ERROR;
				CLANG_WARN_DOCUMENTATION_COMMENTS = YES;
				CLANG_WARN_EMPTY_BODY = YES;
				CLANG_WARN_ENUM_CONVERSION = YES;
				CLANG_WARN_INFINITE_RECURSION = YES;
				CLANG_WARN_INT_CONVERSION = YES;
				CLANG_WARN_NON_LITERAL_NULL_CONVERSION = YES;
				CLANG_WARN_OBJC_IMPLICIT_RETAIN_SELF = YES;
				CLANG_WARN_OBJC_LITERAL_CONVERSION = YES;
				CLANG_WARN_OBJC_ROOT_CLASS = YES_ERROR;
				CLANG_WARN_RANGE_LOOP_ANALYSIS = YES;
				CLANG_WARN_STRICT_PROTOTYPES = YES;
				CLANG_WARN_SUSPICIOUS_MOVE = YES;
				CLANG_WARN_UNGUARDED_AVAILABILITY = YES_AGGRESSIVE;
				CLANG_WARN_UNREACHABLE_CODE = YES;
				CLANG_WARN__DUPLICATE_METHOD_MATCH = YES;
				CODE_SIGN_IDENTITY = "iPhone Developer";
				COPY_PHASE_STRIP = NO;
				DEBUG_INFORMATION_FORMAT = dwarf;
				ENABLE_STRICT_OBJC_MSGSEND = YES;
				ENABLE_TESTABILITY = YES;
				GCC_C_LANGUAGE_STANDARD = gnu11;
				GCC_DYNAMIC_NO_PIC = NO;
				GCC_NO_COMMON_BLOCKS = YES;
				GCC_OPTIMIZATION_LEVEL = 0;
				GCC_PREPROCESSOR_DEFINITIONS = (
					"DEBUG=1",
					"$(inherited)",
				);
				GCC_WARN_64_TO_32_BIT_CONVERSION = YES;
				GCC_WARN_ABOUT_RETURN_TYPE = YES_ERROR;
				GCC_WARN_UNDECLARED_SELECTOR = YES;
				GCC_WARN_UNINITIALIZED_AUTOS = YES_AGGRESSIVE;
				GCC_WARN_UNUSED_FUNCTION = YES;
				GCC_WARN_UNUSED_VARIABLE = YES;
				IPHONEOS_DEPLOYMENT_TARGET = 11.4;
				MTL_ENABLE_DEBUG_INFO = YES;
				ONLY_ACTIVE_ARCH = YES;
				SDKROOT = iphoneos;
				SWIFT_ACTIVE_COMPILATION_CONDITIONS = DEBUG;
				SWIFT_OPTIMIZATION_LEVEL = "-Onone";
			};
			name = Debug;
		};
		A4A9B88E20E2AD9B0018C961 /* Release */ = {
			isa = XCBuildConfiguration;
			buildSettings = {
				ALWAYS_SEARCH_USER_PATHS = NO;
				CLANG_ANALYZER_NONNULL = YES;
				CLANG_ANALYZER_NUMBER_OBJECT_CONVERSION = YES_AGGRESSIVE;
				CLANG_CXX_LANGUAGE_STANDARD = "gnu++14";
				CLANG_CXX_LIBRARY = "libc++";
				CLANG_ENABLE_MODULES = YES;
				CLANG_ENABLE_OBJC_ARC = YES;
				CLANG_ENABLE_OBJC_WEAK = YES;
				CLANG_WARN_BLOCK_CAPTURE_AUTORELEASING = YES;
				CLANG_WARN_BOOL_CONVERSION = YES;
				CLANG_WARN_COMMA = YES;
				CLANG_WARN_CONSTANT_CONVERSION = YES;
				CLANG_WARN_DEPRECATED_OBJC_IMPLEMENTATIONS = YES;
				CLANG_WARN_DIRECT_OBJC_ISA_USAGE = YES_ERROR;
				CLANG_WARN_DOCUMENTATION_COMMENTS = YES;
				CLANG_WARN_EMPTY_BODY = YES;
				CLANG_WARN_ENUM_CONVERSION = YES;
				CLANG_WARN_INFINITE_RECURSION = YES;
				CLANG_WARN_INT_CONVERSION = YES;
				CLANG_WARN_NON_LITERAL_NULL_CONVERSION = YES;
				CLANG_WARN_OBJC_IMPLICIT_RETAIN_SELF = YES;
				CLANG_WARN_OBJC_LITERAL_CONVERSION = YES;
				CLANG_WARN_OBJC_ROOT_CLASS = YES_ERROR;
				CLANG_WARN_RANGE_LOOP_ANALYSIS = YES;
				CLANG_WARN_STRICT_PROTOTYPES = YES;
				CLANG_WARN_SUSPICIOUS_MOVE = YES;
				CLANG_WARN_UNGUARDED_AVAILABILITY = YES_AGGRESSIVE;
				CLANG_WARN_UNREACHABLE_CODE = YES;
				CLANG_WARN__DUPLICATE_METHOD_MATCH = YES;
				CODE_SIGN_IDENTITY = "iPhone Developer";
				COPY_PHASE_STRIP = NO;
				DEBUG_INFORMATION_FORMAT = "dwarf-with-dsym";
				ENABLE_NS_ASSERTIONS = NO;
				ENABLE_STRICT_OBJC_MSGSEND = YES;
				GCC_C_LANGUAGE_STANDARD = gnu11;
				GCC_NO_COMMON_BLOCKS = YES;
				GCC_WARN_64_TO_32_BIT_CONVERSION = YES;
				GCC_WARN_ABOUT_RETURN_TYPE = YES_ERROR;
				GCC_WARN_UNDECLARED_SELECTOR = YES;
				GCC_WARN_UNINITIALIZED_AUTOS = YES_AGGRESSIVE;
				GCC_WARN_UNUSED_FUNCTION = YES;
				GCC_WARN_UNUSED_VARIABLE = YES;
				IPHONEOS_DEPLOYMENT_TARGET = 11.4;
				MTL_ENABLE_DEBUG_INFO = NO;
				SDKROOT = iphoneos;
				SWIFT_COMPILATION_MODE = wholemodule;
				SWIFT_OPTIMIZATION_LEVEL = "-O";
				VALIDATE_PRODUCT = YES;
			};
			name = Release;
		};
		A4A9B89020E2AD9B0018C961 /* Debug */ = {
			isa = XCBuildConfiguration;
			buildSettings = {
				ASSETCATALOG_COMPILER_APPICON_NAME = AppIcon;
				CODE_SIGN_STYLE = Automatic;
				DEVELOPMENT_TEAM = M6SMTA44W3;
				FRAMEWORK_SEARCH_PATHS = (
					"$(inherited)",
					"$(PROJECT_DIR)",
				);
				INFOPLIST_FILE = "here-snapkit/Info.plist";
				IPHONEOS_DEPLOYMENT_TARGET = 11.0;
				LD_RUNPATH_SEARCH_PATHS = (
					"$(inherited)",
					"@executable_path/Frameworks",
				);
				PRODUCT_BUNDLE_IDENTIFIER = "com.dylanbabbs.here-snapkit";
				PRODUCT_NAME = "$(TARGET_NAME)";
				SWIFT_VERSION = 4.0;
				TARGETED_DEVICE_FAMILY = "1,2";
			};
			name = Debug;
		};
		A4A9B89120E2AD9B0018C961 /* Release */ = {
			isa = XCBuildConfiguration;
			buildSettings = {
				ASSETCATALOG_COMPILER_APPICON_NAME = AppIcon;
				CODE_SIGN_STYLE = Automatic;
				DEVELOPMENT_TEAM = M6SMTA44W3;
				FRAMEWORK_SEARCH_PATHS = (
					"$(inherited)",
					"$(PROJECT_DIR)",
				);
				INFOPLIST_FILE = "here-snapkit/Info.plist";
				IPHONEOS_DEPLOYMENT_TARGET = 11.0;
				LD_RUNPATH_SEARCH_PATHS = (
					"$(inherited)",
					"@executable_path/Frameworks",
				);
				PRODUCT_BUNDLE_IDENTIFIER = "com.dylanbabbs.here-snapkit";
				PRODUCT_NAME = "$(TARGET_NAME)";
				SWIFT_VERSION = 4.0;
				TARGETED_DEVICE_FAMILY = "1,2";
			};
			name = Release;
		};
/* End XCBuildConfiguration section */

/* Begin XCConfigurationList section */
		A4A9B87820E2AD950018C961 /* Build configuration list for PBXProject "here-snapkit" */ = {
			isa = XCConfigurationList;
			buildConfigurations = (
				A4A9B88D20E2AD9B0018C961 /* Debug */,
				A4A9B88E20E2AD9B0018C961 /* Release */,
			);
			defaultConfigurationIsVisible = 0;
			defaultConfigurationName = Release;
		};
		A4A9B88F20E2AD9B0018C961 /* Build configuration list for PBXNativeTarget "here-snapkit" */ = {
			isa = XCConfigurationList;
			buildConfigurations = (
				A4A9B89020E2AD9B0018C961 /* Debug */,
				A4A9B89120E2AD9B0018C961 /* Release */,
			);
			defaultConfigurationIsVisible = 0;
			defaultConfigurationName = Release;
		};
/* End XCConfigurationList section */
	};
	rootObject = A4A9B87520E2AD950018C961 /* Project object */;
}
